
Microsoft Visual Studio Solution File, Format Version 12.00
# Visual Studio Version 16
VisualStudioVersion = 16.0.32106.194
MinimumVisualStudioVersion = 10.0.40219.1
Project("{FAE04EC0-301F-11D3-BF4B-00C04F79EFBC}") = "BackEnd", "BackEnd\BackEnd.csproj", "{7B44443A-A346-4A19-95D1-1F3E9ABDC4BD}"
EndProject
Global
	GlobalSection(SolutionConfigurationPlatforms) = preSolution
		Debug|Any CPU = Debug|Any CPU
		Release|Any CPU = Release|Any CPU
	EndGlobalSection
	GlobalSection(ProjectConfigurationPlatforms) = postSolution
		{7B44443A-A346-4A19-95D1-1F3E9ABDC4BD}.Debug|Any CPU.ActiveCfg = Debug|Any CPU
		{7B44443A-A346-4A19-95D1-1F3E9ABDC4BD}.Debug|Any CPU.Build.0 = Debug|Any CPU
		{7B44443A-A346-4A19-95D1-1F3E9ABDC4BD}.Release|Any CPU.ActiveCfg = Release|Any CPU
		{7B44443A-A346-4A19-95D1-1F3E9ABDC4BD}.Release|Any CPU.Build.0 = Release|Any CPU
	EndGlobalSection
	GlobalSection(SolutionProperties) = preSolution
		HideSolutionNode = FALSE
	EndGlobalSection
	GlobalSection(ExtensibilityGlobals) = postSolution
		SolutionGuid = {5B506052-2480-4302-B163-AB463E8BD9A2}
	EndGlobalSection
EndGlobal
